
Microsoft Visual Studio Solution File, Format Version 12.00
# Visual Studio Version 16
VisualStudioVersion = 16.0.29209.62
MinimumVisualStudioVersion = 10.0.40219.1
Project("{FAE04EC0-301F-11D3-BF4B-00C04F79EFBC}") = "ReverseProxyRecipe", "ReverseProxyRecipe\ReverseProxyRecipe.csproj", "{0445C37E-5879-4768-92EC-39BE84E80DF8}"
EndProject
Project("{FAE04EC0-301F-11D3-BF4B-00C04F79EFBC}") = "ReverseProxyTarget", "ReverseProxyTarget\ReverseProxyTarget.csproj", "{43B0CF73-1853-4928-95FC-D20DD665651B}"
EndProject
Project("{FAE04EC0-301F-11D3-BF4B-00C04F79EFBC}") = "ReverseProxyRecipe.Tests", "ReverseProxyRecipe.Tests\ReverseProxyRecipe.Tests.csproj", "{654B1AA6-D216-4692-B4C1-4FF4B23A0F79}"
EndProject
Global
	GlobalSection(SolutionConfigurationPlatforms) = preSolution
		Debug|Any CPU = Debug|Any CPU
		Release|Any CPU = Release|Any CPU
	EndGlobalSection
	GlobalSection(ProjectConfigurationPlatforms) = postSolution
		{0445C37E-5879-4768-92EC-39BE84E80DF8}.Debug|Any CPU.ActiveCfg = Debug|Any CPU
		{0445C37E-5879-4768-92EC-39BE84E80DF8}.Debug|Any CPU.Build.0 = Debug|Any CPU
		{0445C37E-5879-4768-92EC-39BE84E80DF8}.Release|Any CPU.ActiveCfg = Release|Any CPU
		{0445C37E-5879-4768-92EC-39BE84E80DF8}.Release|Any CPU.Build.0 = Release|Any CPU
		{43B0CF73-1853-4928-95FC-D20DD665651B}.Debug|Any CPU.ActiveCfg = Debug|Any CPU
		{43B0CF73-1853-4928-95FC-D20DD665651B}.Debug|Any CPU.Build.0 = Debug|Any CPU
		{43B0CF73-1853-4928-95FC-D20DD665651B}.Release|Any CPU.ActiveCfg = Release|Any CPU
		{43B0CF73-1853-4928-95FC-D20DD665651B}.Release|Any CPU.Build.0 = Release|Any CPU
		{654B1AA6-D216-4692-B4C1-4FF4B23A0F79}.Debug|Any CPU.ActiveCfg = Debug|Any CPU
		{654B1AA6-D216-4692-B4C1-4FF4B23A0F79}.Debug|Any CPU.Build.0 = Debug|Any CPU
		{654B1AA6-D216-4692-B4C1-4FF4B23A0F79}.Release|Any CPU.ActiveCfg = Release|Any CPU
		{654B1AA6-D216-4692-B4C1-4FF4B23A0F79}.Release|Any CPU.Build.0 = Release|Any CPU
	EndGlobalSection
	GlobalSection(SolutionProperties) = preSolution
		HideSolutionNode = FALSE
	EndGlobalSection
	GlobalSection(ExtensibilityGlobals) = postSolution
		SolutionGuid = {F67C92A5-5717-4358-9FF2-B665EDDC4BA6}
	EndGlobalSection
EndGlobal
